
Microsoft Visual Studio Solution File, Format Version 12.00
# Visual Studio Version 17
VisualStudioVersion = 17.2.32210.308
MinimumVisualStudioVersion = 10.0.40219.1
Project("{FAE04EC0-301F-11D3-BF4B-00C04F79EFBC}") = "BankClient", "BankClient\BankClient.csproj", "{026DD086-4CEC-431B-AB60-158F69F24E7E}"
EndProject
Global
	GlobalSection(SolutionConfigurationPlatforms) = preSolution
		Debug|Any CPU = Debug|Any CPU
		Release|Any CPU = Release|Any CPU
	EndGlobalSection
	GlobalSection(ProjectConfigurationPlatforms) = postSolution
		{026DD086-4CEC-431B-AB60-158F69F24E7E}.Debug|Any CPU.ActiveCfg = Debug|Any CPU
		{026DD086-4CEC-431B-AB60-158F69F24E7E}.Debug|Any CPU.Build.0 = Debug|Any CPU
		{026DD086-4CEC-431B-AB60-158F69F24E7E}.Release|Any CPU.ActiveCfg = Release|Any CPU
		{026DD086-4CEC-431B-AB60-158F69F24E7E}.Release|Any CPU.Build.0 = Release|Any CPU
	EndGlobalSection
	GlobalSection(SolutionProperties) = preSolution
		HideSolutionNode = FALSE
	EndGlobalSection
	GlobalSection(ExtensibilityGlobals) = postSolution
		SolutionGuid = {BCC077EB-4DB2-4FEA-B2DB-53F5F5259C51}
	EndGlobalSection
EndGlobal
