
Microsoft Visual Studio Solution File, Format Version 12.00
# Visual Studio Version 17
VisualStudioVersion = 17.2.32210.308
MinimumVisualStudioVersion = 10.0.40219.1
Project("{FAE04EC0-301F-11D3-BF4B-00C04F79EFBC}") = "HalloDataContracts", "HalloDataContracts\HalloDataContracts.csproj", "{65532B5D-E552-4C14-AD30-135E85A715E4}"
EndProject
Project("{FAE04EC0-301F-11D3-BF4B-00C04F79EFBC}") = "HalloDataContracts.Client", "HalloDataContracts.Client\HalloDataContracts.Client.csproj", "{B093E356-51CB-4EA1-AB07-AE7E64053DEE}"
EndProject
Global
	GlobalSection(SolutionConfigurationPlatforms) = preSolution
		Debug|Any CPU = Debug|Any CPU
		Release|Any CPU = Release|Any CPU
	EndGlobalSection
	GlobalSection(ProjectConfigurationPlatforms) = postSolution
		{65532B5D-E552-4C14-AD30-135E85A715E4}.Debug|Any CPU.ActiveCfg = Debug|Any CPU
		{65532B5D-E552-4C14-AD30-135E85A715E4}.Debug|Any CPU.Build.0 = Debug|Any CPU
		{65532B5D-E552-4C14-AD30-135E85A715E4}.Release|Any CPU.ActiveCfg = Release|Any CPU
		{65532B5D-E552-4C14-AD30-135E85A715E4}.Release|Any CPU.Build.0 = Release|Any CPU
		{B093E356-51CB-4EA1-AB07-AE7E64053DEE}.Debug|Any CPU.ActiveCfg = Debug|Any CPU
		{B093E356-51CB-4EA1-AB07-AE7E64053DEE}.Debug|Any CPU.Build.0 = Debug|Any CPU
		{B093E356-51CB-4EA1-AB07-AE7E64053DEE}.Release|Any CPU.ActiveCfg = Release|Any CPU
		{B093E356-51CB-4EA1-AB07-AE7E64053DEE}.Release|Any CPU.Build.0 = Release|Any CPU
	EndGlobalSection
	GlobalSection(SolutionProperties) = preSolution
		HideSolutionNode = FALSE
	EndGlobalSection
	GlobalSection(ExtensibilityGlobals) = postSolution
		SolutionGuid = {EBA160F0-F323-4788-BD8F-9BB355A26D15}
	EndGlobalSection
EndGlobal
